
Microsoft Visual Studio Solution File, Format Version 12.00
# Visual Studio Version 16
VisualStudioVersion = 16.0.31729.503
MinimumVisualStudioVersion = 10.0.40219.1
Project("{8BC9CEB8-8B4A-11D0-8D11-00A0C91BC942}") = "Driver", "Driver\Driver.vcxproj", "{1444DD00-14D5-4268-A227-30B2BA5C61DA}"
EndProject
Project("{8BC9CEB8-8B4A-11D0-8D11-00A0C91BC942}") = "Client", "Client\Client.vcxproj", "{8D7F4043-DE13-4E4F-BC77-17A72C16ECC5}"
EndProject
Project("{8BC9CEB8-8B4A-11D0-8D11-00A0C91BC942}") = "Shared", "Shared\Shared.vcxitems", "{B2D64779-5292-426A-93E8-72C84DDD71BA}"
EndProject
Global
	GlobalSection(SolutionConfigurationPlatforms) = preSolution
		Debug|x64 = Debug|x64
		Release|x64 = Release|x64
	EndGlobalSection
	GlobalSection(ProjectConfigurationPlatforms) = postSolution
		{1444DD00-14D5-4268-A227-30B2BA5C61DA}.Debug|x64.ActiveCfg = Debug|x64
		{1444DD00-14D5-4268-A227-30B2BA5C61DA}.Debug|x64.Build.0 = Debug|x64
		{1444DD00-14D5-4268-A227-30B2BA5C61DA}.Debug|x64.Deploy.0 = Debug|x64
		{1444DD00-14D5-4268-A227-30B2BA5C61DA}.Release|x64.ActiveCfg = Release|x64
		{1444DD00-14D5-4268-A227-30B2BA5C61DA}.Release|x64.Build.0 = Release|x64
		{1444DD00-14D5-4268-A227-30B2BA5C61DA}.Release|x64.Deploy.0 = Release|x64
		{8D7F4043-DE13-4E4F-BC77-17A72C16ECC5}.Debug|x64.ActiveCfg = Debug|x64
		{8D7F4043-DE13-4E4F-BC77-17A72C16ECC5}.Debug|x64.Build.0 = Debug|x64
		{8D7F4043-DE13-4E4F-BC77-17A72C16ECC5}.Release|x64.ActiveCfg = Release|x64
		{8D7F4043-DE13-4E4F-BC77-17A72C16ECC5}.Release|x64.Build.0 = Release|x64
	EndGlobalSection
	GlobalSection(SolutionProperties) = preSolution
		HideSolutionNode = FALSE
	EndGlobalSection
	GlobalSection(ExtensibilityGlobals) = postSolution
		SolutionGuid = {AFD35021-79EC-4C37-83DE-E05B8416EBEA}
	EndGlobalSection
EndGlobal
